// !$*UTF8*$!
{
	archiveVersion = 1;
	classes = {
	};
	objectVersion = 55;
	objects = {

/* Begin PBXBuildFile section */
		317D731626FDEB5300093AB5 /* ImageLoadingView.swift in Sources */ = {isa = PBXBuildFile; fileRef = 317D731526FDEB5300093AB5 /* ImageLoadingView.swift */; };
		317D731826FDEB7D00093AB5 /* ImageLoader.swift in Sources */ = {isa = PBXBuildFile; fileRef = 317D731726FDEB7D00093AB5 /* ImageLoader.swift */; };
		31EEA0B426FB522A00B73D84 /* CatAPIProjectApp.swift in Sources */ = {isa = PBXBuildFile; fileRef = 31EEA0B326FB522A00B73D84 /* CatAPIProjectApp.swift */; };
		31EEA0B626FB522A00B73D84 /* ContentView.swift in Sources */ = {isa = PBXBuildFile; fileRef = 31EEA0B526FB522A00B73D84 /* ContentView.swift */; };
		31EEA0B826FB522C00B73D84 /* Assets.xcassets in Resources */ = {isa = PBXBuildFile; fileRef = 31EEA0B726FB522C00B73D84 /* Assets.xcassets */; };
		31EEA0BB26FB522C00B73D84 /* Preview Assets.xcassets in Resources */ = {isa = PBXBuildFile; fileRef = 31EEA0BA26FB522C00B73D84 /* Preview Assets.xcassets */; };
		31EEA0E126FB540A00B73D84 /* Breed.swift in Sources */ = {isa = PBXBuildFile; fileRef = 31EEA0E026FB540A00B73D84 /* Breed.swift */; };
		31EEA0E326FB55DF00B73D84 /* BreedImage.swift in Sources */ = {isa = PBXBuildFile; fileRef = 31EEA0E226FB55DF00B73D84 /* BreedImage.swift */; };
		31EEA0E526FB564500B73D84 /* BreedFetcher.swift in Sources */ = {isa = PBXBuildFile; fileRef = 31EEA0E426FB564500B73D84 /* BreedFetcher.swift */; };
		31EEA0E726FB595300B73D84 /* BreedListView.swift in Sources */ = {isa = PBXBuildFile; fileRef = 31EEA0E626FB595300B73D84 /* BreedListView.swift */; };
		31EEA0E926FB596F00B73D84 /* ErrorView.swift in Sources */ = {isa = PBXBuildFile; fileRef = 31EEA0E826FB596F00B73D84 /* ErrorView.swift */; };
		31EEA0EB26FB598800B73D84 /* LoadingView.swift in Sources */ = {isa = PBXBuildFile; fileRef = 31EEA0EA26FB598800B73D84 /* LoadingView.swift */; };
		31EEA0ED26FB76AD00B73D84 /* APIError.swift in Sources */ = {isa = PBXBuildFile; fileRef = 31EEA0EC26FB76AD00B73D84 /* APIError.swift */; };
		31EEA0EF26FB7E5900B73D84 /* APIService.swift in Sources */ = {isa = PBXBuildFile; fileRef = 31EEA0EE26FB7E5900B73D84 /* APIService.swift */; };
		31EEA0F126FCA8D300B73D84 /* BreedRow.swift in Sources */ = {isa = PBXBuildFile; fileRef = 31EEA0F026FCA8D300B73D84 /* BreedRow.swift */; };
		31EEA0F326FCA91900B73D84 /* BreedDetailView.swift in Sources */ = {isa = PBXBuildFile; fileRef = 31EEA0F226FCA91900B73D84 /* BreedDetailView.swift */; };
/* End PBXBuildFile section */

/* Begin PBXContainerItemProxy section */
		31EEA0C126FB522C00B73D84 /* PBXContainerItemProxy */ = {
			isa = PBXContainerItemProxy;
			containerPortal = 31EEA0A826FB522A00B73D84 /* Project object */;
			proxyType = 1;
			remoteGlobalIDString = 31EEA0AF26FB522A00B73D84;
			remoteInfo = CatAPIProject;
		};
		31EEA0CB26FB522C00B73D84 /* PBXContainerItemProxy */ = {
			isa = PBXContainerItemProxy;
			containerPortal = 31EEA0A826FB522A00B73D84 /* Project object */;
			proxyType = 1;
			remoteGlobalIDString = 31EEA0AF26FB522A00B73D84;
			remoteInfo = CatAPIProject;
		};
/* End PBXContainerItemProxy section */

/* Begin PBXFileReference section */
		317D731526FDEB5300093AB5 /* ImageLoadingView.swift */ = {isa = PBXFileReference; lastKnownFileType = sourcecode.swift; path = ImageLoadingView.swift; sourceTree = "<group>"; };
		317D731726FDEB7D00093AB5 /* ImageLoader.swift */ = {isa = PBXFileReference; lastKnownFileType = sourcecode.swift; path = ImageLoader.swift; sourceTree = "<group>"; };
		31EEA0B026FB522A00B73D84 /* CatAPIProject.app */ = {isa = PBXFileReference; explicitFileType = wrapper.application; includeInIndex = 0; path = CatAPIProject.app; sourceTree = BUILT_PRODUCTS_DIR; };
		31EEA0B326FB522A00B73D84 /* CatAPIProjectApp.swift */ = {isa = PBXFileReference; lastKnownFileType = sourcecode.swift; path = CatAPIProjectApp.swift; sourceTree = "<group>"; };
		31EEA0B526FB522A00B73D84 /* ContentView.swift */ = {isa = PBXFileReference; lastKnownFileType = sourcecode.swift; path = ContentView.swift; sourceTree = "<group>"; };
		31EEA0B726FB522C00B73D84 /* Assets.xcassets */ = {isa = PBXFileReference; lastKnownFileType = folder.assetcatalog; path = Assets.xcassets; sourceTree = "<group>"; };
		31EEA0BA26FB522C00B73D84 /* Preview Assets.xcassets */ = {isa = PBXFileReference; lastKnownFileType = folder.assetcatalog; path = "Preview Assets.xcassets"; sourceTree = "<group>"; };
		31EEA0C026FB522C00B73D84 /* CatAPIProjectTests.xctest */ = {isa = PBXFileReference; explicitFileType = wrapper.cfbundle; includeInIndex = 0; path = CatAPIProjectTests.xctest; sourceTree = BUILT_PRODUCTS_DIR; };
		31EEA0CA26FB522C00B73D84 /* CatAPIProjectUITests.xctest */ = {isa = PBXFileReference; explicitFileType = wrapper.cfbundle; includeInIndex = 0; path = CatAPIProjectUITests.xctest; sourceTree = BUILT_PRODUCTS_DIR; };
		31EEA0E026FB540A00B73D84 /* Breed.swift */ = {isa = PBXFileReference; lastKnownFileType = sourcecode.swift; path = Breed.swift; sourceTree = "<group>"; };
		31EEA0E226FB55DF00B73D84 /* BreedImage.swift */ = {isa = PBXFileReference; lastKnownFileType = sourcecode.swift; path = BreedImage.swift; sourceTree = "<group>"; };
		31EEA0E426FB564500B73D84 /* BreedFetcher.swift */ = {isa = PBXFileReference; lastKnownFileType = sourcecode.swift; path = BreedFetcher.swift; sourceTree = "<group>"; };
		31EEA0E626FB595300B73D84 /* BreedListView.swift */ = {isa = PBXFileReference; lastKnownFileType = sourcecode.swift; path = BreedListView.swift; sourceTree = "<group>"; };
		31EEA0E826FB596F00B73D84 /* ErrorView.swift */ = {isa = PBXFileReference; lastKnownFileType = sourcecode.swift; path = ErrorView.swift; sourceTree = "<group>"; };
		31EEA0EA26FB598800B73D84 /* LoadingView.swift */ = {isa = PBXFileReference; lastKnownFileType = sourcecode.swift; path = LoadingView.swift; sourceTree = "<group>"; };
		31EEA0EC26FB76AD00B73D84 /* APIError.swift */ = {isa = PBXFileReference; lastKnownFileType = sourcecode.swift; path = APIError.swift; sourceTree = "<group>"; };
		31EEA0EE26FB7E5900B73D84 /* APIService.swift */ = {isa = PBXFileReference; lastKnownFileType = sourcecode.swift; path = APIService.swift; sourceTree = "<group>"; };
		31EEA0F026FCA8D300B73D84 /* BreedRow.swift */ = {isa = PBXFileReference; lastKnownFileType = sourcecode.swift; path = BreedRow.swift; sourceTree = "<group>"; };
		31EEA0F226FCA91900B73D84 /* BreedDetailView.swift */ = {isa = PBXFileReference; lastKnownFileType = sourcecode.swift; path = BreedDetailView.swift; sourceTree = "<group>"; };
/* End PBXFileReference section */

/* Begin PBXFrameworksBuildPhase section */
		31EEA0AD26FB522A00B73D84 /* Frameworks */ = {
			isa = PBXFrameworksBuildPhase;
			buildActionMask = 2147483647;
			files = (
			);
			runOnlyForDeploymentPostprocessing = 0;
		};
		31EEA0BD26FB522C00B73D84 /* Frameworks */ = {
			isa = PBXFrameworksBuildPhase;
			buildActionMask = 2147483647;
			files = (
			);
			runOnlyForDeploymentPostprocessing = 0;
		};
		31EEA0C726FB522C00B73D84 /* Frameworks */ = {
			isa = PBXFrameworksBuildPhase;
			buildActionMask = 2147483647;
			files = (
			);
			runOnlyForDeploymentPostprocessing = 0;
		};
/* End PBXFrameworksBuildPhase section */

/* Begin PBXGroup section */
		31EEA0A726FB522A00B73D84 = {
			isa = PBXGroup;
			children = (
				31EEA0B226FB522A00B73D84 /* CatAPIProject */,
				31EEA0B126FB522A00B73D84 /* Products */,
			);
			sourceTree = "<group>";
		};
		31EEA0B126FB522A00B73D84 /* Products */ = {
			isa = PBXGroup;
			children = (
				31EEA0B026FB522A00B73D84 /* CatAPIProject.app */,
				31EEA0C026FB522C00B73D84 /* CatAPIProjectTests.xctest */,
				31EEA0CA26FB522C00B73D84 /* CatAPIProjectUITests.xctest */,
			);
			name = Products;
			sourceTree = "<group>";
		};
		31EEA0B226FB522A00B73D84 /* CatAPIProject */ = {
			isa = PBXGroup;
			children = (
				31EEA0DF26FB53CD00B73D84 /* Networking */,
				31EEA0DE26FB53C400B73D84 /* Model */,
				31EEA0DD26FB53BE00B73D84 /* View */,
				31EEA0B326FB522A00B73D84 /* CatAPIProjectApp.swift */,
				31EEA0B526FB522A00B73D84 /* ContentView.swift */,
				31EEA0B726FB522C00B73D84 /* Assets.xcassets */,
				31EEA0B926FB522C00B73D84 /* Preview Content */,
			);
			path = CatAPIProject;
			sourceTree = "<group>";
		};
		31EEA0B926FB522C00B73D84 /* Preview Content */ = {
			isa = PBXGroup;
			children = (
				31EEA0BA26FB522C00B73D84 /* Preview Assets.xcassets */,
			);
			path = "Preview Content";
			sourceTree = "<group>";
		};
		31EEA0DD26FB53BE00B73D84 /* View */ = {
			isa = PBXGroup;
			children = (
				31EEA0E626FB595300B73D84 /* BreedListView.swift */,
				31EEA0F026FCA8D300B73D84 /* BreedRow.swift */,
				31EEA0F226FCA91900B73D84 /* BreedDetailView.swift */,
				31EEA0E826FB596F00B73D84 /* ErrorView.swift */,
				31EEA0EA26FB598800B73D84 /* LoadingView.swift */,
				317D731526FDEB5300093AB5 /* ImageLoadingView.swift */,
			);
			path = View;
			sourceTree = "<group>";
		};
		31EEA0DE26FB53C400B73D84 /* Model */ = {
			isa = PBXGroup;
			children = (
				31EEA0E026FB540A00B73D84 /* Breed.swift */,
				31EEA0E226FB55DF00B73D84 /* BreedImage.swift */,
			);
			path = Model;
			sourceTree = "<group>";
		};
		31EEA0DF26FB53CD00B73D84 /* Networking */ = {
			isa = PBXGroup;
			children = (
				31EEA0E426FB564500B73D84 /* BreedFetcher.swift */,
				31EEA0EC26FB76AD00B73D84 /* APIError.swift */,
				31EEA0EE26FB7E5900B73D84 /* APIService.swift */,
				317D731726FDEB7D00093AB5 /* ImageLoader.swift */,
			);
			path = Networking;
			sourceTree = "<group>";
		};
/* End PBXGroup section */

/* Begin PBXNativeTarget section */
		31EEA0AF26FB522A00B73D84 /* CatAPIProject */ = {
			isa = PBXNativeTarget;
			buildConfigurationList = 31EEA0D426FB522C00B73D84 /* Build configuration list for PBXNativeTarget "CatAPIProject" */;
			buildPhases = (
				31EEA0AC26FB522A00B73D84 /* Sources */,
				31EEA0AD26FB522A00B73D84 /* Frameworks */,
				31EEA0AE26FB522A00B73D84 /* Resources */,
			);
			buildRules = (
			);
			dependencies = (
			);
			name = CatAPIProject;
			productName = CatAPIProject;
			productReference = 31EEA0B026FB522A00B73D84 /* CatAPIProject.app */;
			productType = "com.apple.product-type.application";
		};
		31EEA0BF26FB522C00B73D84 /* CatAPIProjectTests */ = {
			isa = PBXNativeTarget;
			buildConfigurationList = 31EEA0D726FB522C00B73D84 /* Build configuration list for PBXNativeTarget "CatAPIProjectTests" */;
			buildPhases = (
				31EEA0BC26FB522C00B73D84 /* Sources */,
				31EEA0BD26FB522C00B73D84 /* Frameworks */,
				31EEA0BE26FB522C00B73D84 /* Resources */,
			);
			buildRules = (
			);
			dependencies = (
				31EEA0C226FB522C00B73D84 /* PBXTargetDependency */,
			);
			name = CatAPIProjectTests;
			productName = CatAPIProjectTests;
			productReference = 31EEA0C026FB522C00B73D84 /* CatAPIProjectTests.xctest */;
			productType = "com.apple.product-type.bundle.unit-test";
		};
		31EEA0C926FB522C00B73D84 /* CatAPIProjectUITests */ = {
			isa = PBXNativeTarget;
			buildConfigurationList = 31EEA0DA26FB522C00B73D84 /* Build configuration list for PBXNativeTarget "CatAPIProjectUITests" */;
			buildPhases = (
				31EEA0C626FB522C00B73D84 /* Sources */,
				31EEA0C726FB522C00B73D84 /* Frameworks */,
				31EEA0C826FB522C00B73D84 /* Resources */,
			);
			buildRules = (
			);
			dependencies = (
				31EEA0CC26FB522C00B73D84 /* PBXTargetDependency */,
			);
			name = CatAPIProjectUITests;
			productName = CatAPIProjectUITests;
			productReference = 31EEA0CA26FB522C00B73D84 /* CatAPIProjectUITests.xctest */;
			productType = "com.apple.product-type.bundle.ui-testing";
		};
/* End PBXNativeTarget section */

/* Begin PBXProject section */
		31EEA0A826FB522A00B73D84 /* Project object */ = {
			isa = PBXProject;
			attributes = {
				BuildIndependentTargetsInParallel = 1;
				LastSwiftUpdateCheck = 1300;
				LastUpgradeCheck = 1300;
				TargetAttributes = {
					31EEA0AF26FB522A00B73D84 = {
						CreatedOnToolsVersion = 13.0;
					};
					31EEA0BF26FB522C00B73D84 = {
						CreatedOnToolsVersion = 13.0;
						TestTargetID = 31EEA0AF26FB522A00B73D84;
					};
					31EEA0C926FB522C00B73D84 = {
						CreatedOnToolsVersion = 13.0;
						TestTargetID = 31EEA0AF26FB522A00B73D84;
					};
				};
			};
			buildConfigurationList = 31EEA0AB26FB522A00B73D84 /* Build configuration list for PBXProject "CatAPIProject" */;
			compatibilityVersion = "Xcode 13.0";
			developmentRegion = en;
			hasScannedForEncodings = 0;
			knownRegions = (
				en,
				Base,
			);
			mainGroup = 31EEA0A726FB522A00B73D84;
			productRefGroup = 31EEA0B126FB522A00B73D84 /* Products */;
			projectDirPath = "";
			projectRoot = "";
			targets = (
				31EEA0AF26FB522A00B73D84 /* CatAPIProject */,
				31EEA0BF26FB522C00B73D84 /* CatAPIProjectTests */,
				31EEA0C926FB522C00B73D84 /* CatAPIProjectUITests */,
			);
		};
/* End PBXProject section */

/* Begin PBXResourcesBuildPhase section */
		31EEA0AE26FB522A00B73D84 /* Resources */ = {
			isa = PBXResourcesBuildPhase;
			buildActionMask = 2147483647;
			files = (
				31EEA0BB26FB522C00B73D84 /* Preview Assets.xcassets in Resources */,
				31EEA0B826FB522C00B73D84 /* Assets.xcassets in Resources */,
			);
			runOnlyForDeploymentPostprocessing = 0;
		};
		31EEA0BE26FB522C00B73D84 /* Resources */ = {
			isa = PBXResourcesBuildPhase;
			buildActionMask = 2147483647;
			files = (
			);
			runOnlyForDeploymentPostprocessing = 0;
		};
		31EEA0C826FB522C00B73D84 /* Resources */ = {
			isa = PBXResourcesBuildPhase;
			buildActionMask = 2147483647;
			files = (
			);
			runOnlyForDeploymentPostprocessing = 0;
		};
/* End PBXResourcesBuildPhase section */

/* Begin PBXSourcesBuildPhase section */
		31EEA0AC26FB522A00B73D84 /* Sources */ = {
			isa = PBXSourcesBuildPhase;
			buildActionMask = 2147483647;
			files = (
				317D731826FDEB7D00093AB5 /* ImageLoader.swift in Sources */,
				317D731626FDEB5300093AB5 /* ImageLoadingView.swift in Sources */,
				31EEA0E326FB55DF00B73D84 /* BreedImage.swift in Sources */,
				31EEA0E126FB540A00B73D84 /* Breed.swift in Sources */,
				31EEA0B626FB522A00B73D84 /* ContentView.swift in Sources */,
				31EEA0F126FCA8D300B73D84 /* BreedRow.swift in Sources */,
				31EEA0F326FCA91900B73D84 /* BreedDetailView.swift in Sources */,
				31EEA0E526FB564500B73D84 /* BreedFetcher.swift in Sources */,
				31EEA0E926FB596F00B73D84 /* ErrorView.swift in Sources */,
				31EEA0EB26FB598800B73D84 /* LoadingView.swift in Sources */,
				31EEA0EF26FB7E5900B73D84 /* APIService.swift in Sources */,
				31EEA0B426FB522A00B73D84 /* CatAPIProjectApp.swift in Sources */,
				31EEA0E726FB595300B73D84 /* BreedListView.swift in Sources */,
				31EEA0ED26FB76AD00B73D84 /* APIError.swift in Sources */,
			);
			runOnlyForDeploymentPostprocessing = 0;
		};
		31EEA0BC26FB522C00B73D84 /* Sources */ = {
			isa = PBXSourcesBuildPhase;
			buildActionMask = 2147483647;
			files = (
			);
			runOnlyForDeploymentPostprocessing = 0;
		};
		31EEA0C626FB522C00B73D84 /* Sources */ = {
			isa = PBXSourcesBuildPhase;
			buildActionMask = 2147483647;
			files = (
			);
			runOnlyForDeploymentPostprocessing = 0;
		};
/* End PBXSourcesBuildPhase section */

/* Begin PBXTargetDependency section */
		31EEA0C226FB522C00B73D84 /* PBXTargetDependency */ = {
			isa = PBXTargetDependency;
			target = 31EEA0AF26FB522A00B73D84 /* CatAPIProject */;
			targetProxy = 31EEA0C126FB522C00B73D84 /* PBXContainerItemProxy */;
		};
		31EEA0CC26FB522C00B73D84 /* PBXTargetDependency */ = {
			isa = PBXTargetDependency;
			target = 31EEA0AF26FB522A00B73D84 /* CatAPIProject */;
			targetProxy = 31EEA0CB26FB522C00B73D84 /* PBXContainerItemProxy */;
		};
/* End PBXTargetDependency section */

/* Begin XCBuildConfiguration section */
		31EEA0D226FB522C00B73D84 /* Debug */ = {
			isa = XCBuildConfiguration;
			buildSettings = {
				ALWAYS_SEARCH_USER_PATHS = NO;
				CLANG_ANALYZER_NONNULL = YES;
				CLANG_ANALYZER_NUMBER_OBJECT_CONVERSION = YES_AGGRESSIVE;
				CLANG_CXX_LANGUAGE_STANDARD = "gnu++17";
				CLANG_CXX_LIBRARY = "libc++";
				CLANG_ENABLE_MODULES = YES;
				CLANG_ENABLE_OBJC_ARC = YES;
				CLANG_ENABLE_OBJC_WEAK = YES;
				CLANG_WARN_BLOCK_CAPTURE_AUTORELEASING = YES;
				CLANG_WARN_BOOL_CONVERSION = YES;
				CLANG_WARN_COMMA = YES;
				CLANG_WARN_CONSTANT_CONVERSION = YES;
				CLANG_WARN_DEPRECATED_OBJC_IMPLEMENTATIONS = YES;
				CLANG_WARN_DIRECT_OBJC_ISA_USAGE = YES_ERROR;
				CLANG_WARN_DOCUMENTATION_COMMENTS = YES;
				CLANG_WARN_EMPTY_BODY = YES;
				CLANG_WARN_ENUM_CONVERSION = YES;
				CLANG_WARN_INFINITE_RECURSION = YES;
				CLANG_WARN_INT_CONVERSION = YES;
				CLANG_WARN_NON_LITERAL_NULL_CONVERSION = YES;
				CLANG_WARN_OBJC_IMPLICIT_RETAIN_SELF = YES;
				CLANG_WARN_OBJC_LITERAL_CONVERSION = YES;
				CLANG_WARN_OBJC_ROOT_CLASS = YES_ERROR;
				CLANG_WARN_QUOTED_INCLUDE_IN_FRAMEWORK_HEADER = YES;
				CLANG_WARN_RANGE_LOOP_ANALYSIS = YES;
				CLANG_WARN_STRICT_PROTOTYPES = YES;
				CLANG_WARN_SUSPICIOUS_MOVE = YES;
				CLANG_WARN_UNGUARDED_AVAILABILITY = YES_AGGRESSIVE;
				CLANG_WARN_UNREACHABLE_CODE = YES;
				CLANG_WARN__DUPLICATE_METHOD_MATCH = YES;
				COPY_PHASE_STRIP = NO;
				DEBUG_INFORMATION_FORMAT = dwarf;
				ENABLE_STRICT_OBJC_MSGSEND = YES;
				ENABLE_TESTABILITY = YES;
				GCC_C_LANGUAGE_STANDARD = gnu11;
				GCC_DYNAMIC_NO_PIC = NO;
				GCC_NO_COMMON_BLOCKS = YES;
				GCC_OPTIMIZATION_LEVEL = 0;
				GCC_PREPROCESSOR_DEFINITIONS = (
					"DEBUG=1",
					"$(inherited)",
				);
				GCC_WARN_64_TO_32_BIT_CONVERSION = YES;
				GCC_WARN_ABOUT_RETURN_TYPE = YES_ERROR;
				GCC_WARN_UNDECLARED_SELECTOR = YES;
				GCC_WARN_UNINITIALIZED_AUTOS = YES_AGGRESSIVE;
				GCC_WARN_UNUSED_FUNCTION = YES;
				GCC_WARN_UNUSED_VARIABLE = YES;
				IPHONEOS_DEPLOYMENT_TARGET = 15.0;
				MTL_ENABLE_DEBUG_INFO = INCLUDE_SOURCE;
				MTL_FAST_MATH = YES;
				ONLY_ACTIVE_ARCH = YES;
				SDKROOT = iphoneos;
				SWIFT_ACTIVE_COMPILATION_CONDITIONS = DEBUG;
				SWIFT_OPTIMIZATION_LEVEL = "-Onone";
			};
			name = Debug;
		};
		31EEA0D326FB522C00B73D84 /* Release */ = {
			isa = XCBuildConfiguration;
			buildSettings = {
				ALWAYS_SEARCH_USER_PATHS = NO;
				CLANG_ANALYZER_NONNULL = YES;
				CLANG_ANALYZER_NUMBER_OBJECT_CONVERSION = YES_AGGRESSIVE;
				CLANG_CXX_LANGUAGE_STANDARD = "gnu++17";
				CLANG_CXX_LIBRARY = "libc++";
				CLANG_ENABLE_MODULES = YES;
				CLANG_ENABLE_OBJC_ARC = YES;
				CLANG_ENABLE_OBJC_WEAK = YES;
				CLANG_WARN_BLOCK_CAPTURE_AUTORELEASING = YES;
				CLANG_WARN_BOOL_CONVERSION = YES;
				CLANG_WARN_COMMA = YES;
				CLANG_WARN_CONSTANT_CONVERSION = YES;
				CLANG_WARN_DEPRECATED_OBJC_IMPLEMENTATIONS = YES;
				CLANG_WARN_DIRECT_OBJC_ISA_USAGE = YES_ERROR;
				CLANG_WARN_DOCUMENTATION_COMMENTS = YES;
				CLANG_WARN_EMPTY_BODY = YES;
				CLANG_WARN_ENUM_CONVERSION = YES;
				CLANG_WARN_INFINITE_RECURSION = YES;
				CLANG_WARN_INT_CONVERSION = YES;
				CLANG_WARN_NON_LITERAL_NULL_CONVERSION = YES;
				CLANG_WARN_OBJC_IMPLICIT_RETAIN_SELF = YES;
				CLANG_WARN_OBJC_LITERAL_CONVERSION = YES;
				CLANG_WARN_OBJC_ROOT_CLASS = YES_ERROR;
				CLANG_WARN_QUOTED_INCLUDE_IN_FRAMEWORK_HEADER = YES;
				CLANG_WARN_RANGE_LOOP_ANALYSIS = YES;
				CLANG_WARN_STRICT_PROTOTYPES = YES;
				CLANG_WARN_SUSPICIOUS_MOVE = YES;
				CLANG_WARN_UNGUARDED_AVAILABILITY = YES_AGGRESSIVE;
				CLANG_WARN_UNREACHABLE_CODE = YES;
				CLANG_WARN__DUPLICATE_METHOD_MATCH = YES;
				COPY_PHASE_STRIP = NO;
				DEBUG_INFORMATION_FORMAT = "dwarf-with-dsym";
				ENABLE_NS_ASSERTIONS = NO;
				ENABLE_STRICT_OBJC_MSGSEND = YES;
				GCC_C_LANGUAGE_STANDARD = gnu11;
				GCC_NO_COMMON_BLOCKS = YES;
				GCC_WARN_64_TO_32_BIT_CONVERSION = YES;
				GCC_WARN_ABOUT_RETURN_TYPE = YES_ERROR;
				GCC_WARN_UNDECLARED_SELECTOR = YES;
				GCC_WARN_UNINITIALIZED_AUTOS = YES_AGGRESSIVE;
				GCC_WARN_UNUSED_FUNCTION = YES;
				GCC_WARN_UNUSED_VARIABLE = YES;
				IPHONEOS_DEPLOYMENT_TARGET = 15.0;
				MTL_ENABLE_DEBUG_INFO = NO;
				MTL_FAST_MATH = YES;
				SDKROOT = iphoneos;
				SWIFT_COMPILATION_MODE = wholemodule;
				SWIFT_OPTIMIZATION_LEVEL = "-O";
				VALIDATE_PRODUCT = YES;
			};
			name = Release;
		};
		31EEA0D526FB522C00B73D84 /* Debug */ = {
			isa = XCBuildConfiguration;
			buildSettings = {
				ASSETCATALOG_COMPILER_APPICON_NAME = AppIcon;
				ASSETCATALOG_COMPILER_GLOBAL_ACCENT_COLOR_NAME = AccentColor;
				CODE_SIGN_STYLE = Automatic;
				CURRENT_PROJECT_VERSION = 1;
				DEVELOPMENT_ASSET_PATHS = "\"CatAPIProject/Preview Content\"";
				DEVELOPMENT_TEAM = MWX8MMU36D;
				ENABLE_PREVIEWS = YES;
				GENERATE_INFOPLIST_FILE = YES;
				INFOPLIST_KEY_UIApplicationSceneManifest_Generation = YES;
				INFOPLIST_KEY_UIApplicationSupportsIndirectInputEvents = YES;
				INFOPLIST_KEY_UILaunchScreen_Generation = YES;
				INFOPLIST_KEY_UISupportedInterfaceOrientations_iPad = "UIInterfaceOrientationPortrait UIInterfaceOrientationPortraitUpsideDown UIInterfaceOrientationLandscapeLeft UIInterfaceOrientationLandscapeRight";
				INFOPLIST_KEY_UISupportedInterfaceOrientations_iPhone = "UIInterfaceOrientationPortrait UIInterfaceOrientationLandscapeLeft UIInterfaceOrientationLandscapeRight";
				IPHONEOS_DEPLOYMENT_TARGET = 15.0;
				LD_RUNPATH_SEARCH_PATHS = (
					"$(inherited)",
					"@executable_path/Frameworks",
				);
				MARKETING_VERSION = 1.0;
				PRODUCT_BUNDLE_IDENTIFIER = vladimirmoor.home.com.CatAPIProject;
				PRODUCT_NAME = "$(TARGET_NAME)";
				SWIFT_EMIT_LOC_STRINGS = YES;
				SWIFT_VERSION = 5.0;
				TARGETED_DEVICE_FAMILY = "1,2";
			};
			name = Debug;
		};
		31EEA0D626FB522C00B73D84 /* Release */ = {
			isa = XCBuildConfiguration;
			buildSettings = {
				ASSETCATALOG_COMPILER_APPICON_NAME = AppIcon;
				ASSETCATALOG_COMPILER_GLOBAL_ACCENT_COLOR_NAME = AccentColor;
				CODE_SIGN_STYLE = Automatic;
				CURRENT_PROJECT_VERSION = 1;
				DEVELOPMENT_ASSET_PATHS = "\"CatAPIProject/Preview Content\"";
				DEVELOPMENT_TEAM = MWX8MMU36D;
				ENABLE_PREVIEWS = YES;
				GENERATE_INFOPLIST_FILE = YES;
				INFOPLIST_KEY_UIApplicationSceneManifest_Generation = YES;
				INFOPLIST_KEY_UIApplicationSupportsIndirectInputEvents = YES;
				INFOPLIST_KEY_UILaunchScreen_Generation = YES;
				INFOPLIST_KEY_UISupportedInterfaceOrientations_iPad = "UIInterfaceOrientationPortrait UIInterfaceOrientationPortraitUpsideDown UIInterfaceOrientationLandscapeLeft UIInterfaceOrientationLandscapeRight";
				INFOPLIST_KEY_UISupportedInterfaceOrientations_iPhone = "UIInterfaceOrientationPortrait UIInterfaceOrientationLandscapeLeft UIInterfaceOrientationLandscapeRight";
				IPHONEOS_DEPLOYMENT_TARGET = 15.0;
				LD_RUNPATH_SEARCH_PATHS = (
					"$(inherited)",
					"@executable_path/Frameworks",
				);
				MARKETING_VERSION = 1.0;
				PRODUCT_BUNDLE_IDENTIFIER = vladimirmoor.home.com.CatAPIProject;
				PRODUCT_NAME = "$(TARGET_NAME)";
				SWIFT_EMIT_LOC_STRINGS = YES;
				SWIFT_VERSION = 5.0;
				TARGETED_DEVICE_FAMILY = "1,2";
			};
			name = Release;
		};
		31EEA0D826FB522C00B73D84 /* Debug */ = {
			isa = XCBuildConfiguration;
			buildSettings = {
				ALWAYS_EMBED_SWIFT_STANDARD_LIBRARIES = YES;
				BUNDLE_LOADER = "$(TEST_HOST)";
				CODE_SIGN_STYLE = Automatic;
				CURRENT_PROJECT_VERSION = 1;
				DEVELOPMENT_TEAM = MWX8MMU36D;
				GENERATE_INFOPLIST_FILE = YES;
				IPHONEOS_DEPLOYMENT_TARGET = 14.0;
				LD_RUNPATH_SEARCH_PATHS = (
					"$(inherited)",
					"@executable_path/Frameworks",
					"@loader_path/Frameworks",
				);
				MARKETING_VERSION = 1.0;
				PRODUCT_BUNDLE_IDENTIFIER = vladimirmoor.home.com.CatAPIProjectTests;
				PRODUCT_NAME = "$(TARGET_NAME)";
				SWIFT_EMIT_LOC_STRINGS = NO;
				SWIFT_VERSION = 5.0;
				TARGETED_DEVICE_FAMILY = "1,2";
				TEST_HOST = "$(BUILT_PRODUCTS_DIR)/CatAPIProject.app/CatAPIProject";
			};
			name = Debug;
		};
		31EEA0D926FB522C00B73D84 /* Release */ = {
			isa = XCBuildConfiguration;
			buildSettings = {
				ALWAYS_EMBED_SWIFT_STANDARD_LIBRARIES = YES;
				BUNDLE_LOADER = "$(TEST_HOST)";
				CODE_SIGN_STYLE = Automatic;
				CURRENT_PROJECT_VERSION = 1;
				DEVELOPMENT_TEAM = MWX8MMU36D;
				GENERATE_INFOPLIST_FILE = YES;
				IPHONEOS_DEPLOYMENT_TARGET = 14.0;
				LD_RUNPATH_SEARCH_PATHS = (
					"$(inherited)",
					"@executable_path/Frameworks",
					"@loader_path/Frameworks",
				);
				MARKETING_VERSION = 1.0;
				PRODUCT_BUNDLE_IDENTIFIER = vladimirmoor.home.com.CatAPIProjectTests;
				PRODUCT_NAME = "$(TARGET_NAME)";
				SWIFT_EMIT_LOC_STRINGS = NO;
				SWIFT_VERSION = 5.0;
				TARGETED_DEVICE_FAMILY = "1,2";
				TEST_HOST = "$(BUILT_PRODUCTS_DIR)/CatAPIProject.app/CatAPIProject";
			};
			name = Release;
		};
		31EEA0DB26FB522C00B73D84 /* Debug */ = {
			isa = XCBuildConfiguration;
			buildSettings = {
				ALWAYS_EMBED_SWIFT_STANDARD_LIBRARIES = YES;
				CODE_SIGN_STYLE = Automatic;
				CURRENT_PROJECT_VERSION = 1;
				DEVELOPMENT_TEAM = MWX8MMU36D;
				GENERATE_INFOPLIST_FILE = YES;
				LD_RUNPATH_SEARCH_PATHS = (
					"$(inherited)",
					"@executable_path/Frameworks",
					"@loader_path/Frameworks",
				);
				MARKETING_VERSION = 1.0;
				PRODUCT_BUNDLE_IDENTIFIER = vladimirmoor.home.com.CatAPIProjectUITests;
				PRODUCT_NAME = "$(TARGET_NAME)";
				SWIFT_EMIT_LOC_STRINGS = NO;
				SWIFT_VERSION = 5.0;
				TARGETED_DEVICE_FAMILY = "1,2";
				TEST_TARGET_NAME = CatAPIProject;
			};
			name = Debug;
		};
		31EEA0DC26FB522C00B73D84 /* Release */ = {
			isa = XCBuildConfiguration;
			buildSettings = {
				ALWAYS_EMBED_SWIFT_STANDARD_LIBRARIES = YES;
				CODE_SIGN_STYLE = Automatic;
				CURRENT_PROJECT_VERSION = 1;
				DEVELOPMENT_TEAM = MWX8MMU36D;
				GENERATE_INFOPLIST_FILE = YES;
				LD_RUNPATH_SEARCH_PATHS = (
					"$(inherited)",
					"@executable_path/Frameworks",
					"@loader_path/Frameworks",
				);
				MARKETING_VERSION = 1.0;
				PRODUCT_BUNDLE_IDENTIFIER = vladimirmoor.home.com.CatAPIProjectUITests;
				PRODUCT_NAME = "$(TARGET_NAME)";
				SWIFT_EMIT_LOC_STRINGS = NO;
				SWIFT_VERSION = 5.0;
				TARGETED_DEVICE_FAMILY = "1,2";
				TEST_TARGET_NAME = CatAPIProject;
			};
			name = Release;
		};
/* End XCBuildConfiguration section */

/* Begin XCConfigurationList section */
		31EEA0AB26FB522A00B73D84 /* Build configuration list for PBXProject "CatAPIProject" */ = {
			isa = XCConfigurationList;
			buildConfigurations = (
				31EEA0D226FB522C00B73D84 /* Debug */,
				31EEA0D326FB522C00B73D84 /* Release */,
			);
			defaultConfigurationIsVisible = 0;
			defaultConfigurationName = Release;
		};
		31EEA0D426FB522C00B73D84 /* Build configuration list for PBXNativeTarget "CatAPIProject" */ = {
			isa = XCConfigurationList;
			buildConfigurations = (
				31EEA0D526FB522C00B73D84 /* Debug */,
				31EEA0D626FB522C00B73D84 /* Release */,
			);
			defaultConfigurationIsVisible = 0;
			defaultConfigurationName = Release;
		};
		31EEA0D726FB522C00B73D84 /* Build configuration list for PBXNativeTarget "CatAPIProjectTests" */ = {
			isa = XCConfigurationList;
			buildConfigurations = (
				31EEA0D826FB522C00B73D84 /* Debug */,
				31EEA0D926FB522C00B73D84 /* Release */,
			);
			defaultConfigurationIsVisible = 0;
			defaultConfigurationName = Release;
		};
		31EEA0DA26FB522C00B73D84 /* Build configuration list for PBXNativeTarget "CatAPIProjectUITests" */ = {
			isa = XCConfigurationList;
			buildConfigurations = (
				31EEA0DB26FB522C00B73D84 /* Debug */,
				31EEA0DC26FB522C00B73D84 /* Release */,
			);
			defaultConfigurationIsVisible = 0;
			defaultConfigurationName = Release;
		};
/* End XCConfigurationList section */
	};
	rootObject = 31EEA0A826FB522A00B73D84 /* Project object */;
}
